
Microsoft Visual Studio Solution File, Format Version 12.00
# Visual Studio 15
VisualStudioVersion = 15.0.27130.2036
MinimumVisualStudioVersion = 10.0.40219.1
Project("{FAE04EC0-301F-11D3-BF4B-00C04F79EFBC}") = "01.FindTheLetter", "01.FindTheLetter\01.FindTheLetter.csproj", "{580EC80F-C66E-4CD2-A2CD-C6FE09E8806A}"
EndProject
Project("{FAE04EC0-301F-11D3-BF4B-00C04F79EFBC}") = "02.Placeholders", "..\02.Placeholders\02.Placeholders.csproj", "{33D08F8F-E61D-4E7C-ABDB-0538FCB0EC5C}"
EndProject
Project("{FAE04EC0-301F-11D3-BF4B-00C04F79EFBC}") = "03.JSONStringify", "03.JSONStringify\03.JSONStringify.csproj", "{24C0DDB5-ADC3-4A6E-ADA6-DC806F4487C3}"
EndProject
Project("{FAE04EC0-301F-11D3-BF4B-00C04F79EFBC}") = "04.JSONParse", "04.JSONParse\04.JSONParse.csproj", "{CD4CE6BD-0BED-422F-BECD-2B7C7BE16616}"
EndProject
Project("{FAE04EC0-301F-11D3-BF4B-00C04F79EFBC}") = "05.PointsCounter", "05.PointsCounter\05.PointsCounter.csproj", "{14A47898-D289-4E83-9029-DCA0163B60C2}"
EndProject
Project("{FAE04EC0-301F-11D3-BF4B-00C04F79EFBC}") = "06.SentenceSplit", "06.SentenceSplit\06.SentenceSplit.csproj", "{5A755677-4EF4-4CC0-987D-276519393416}"
EndProject
Project("{FAE04EC0-301F-11D3-BF4B-00C04F79EFBC}") = "07.CapitalizeWords", "07.CapitalizeWords\07.CapitalizeWords.csproj", "{1200845A-0E74-4861-B30A-951140DB34C1}"
EndProject
Project("{FAE04EC0-301F-11D3-BF4B-00C04F79EFBC}") = "07.CapitalizeWords1", "07.CapitalizeWords1\07.CapitalizeWords1.csproj", "{51C93C13-B2D9-46FF-A5CF-FCDFC6787806}"
EndProject
Project("{FAE04EC0-301F-11D3-BF4B-00C04F79EFBC}") = "01.ValueOfString", "01.ValueOfString\01.ValueOfString.csproj", "{60DE73AE-E749-4436-9492-44BAFABD809A}"
EndProject
Project("{FAE04EC0-301F-11D3-BF4B-00C04F79EFBC}") = "02.DiamondProblem", "02.DiamondProblem\02.DiamondProblem.csproj", "{82BC029C-07F3-4A33-B378-C23A1F1CB65E}"
EndProject
Project("{FAE04EC0-301F-11D3-BF4B-00C04F79EFBC}") = "03.SerializeString", "03.SerializeString\03.SerializeString.csproj", "{9099F111-4500-4307-BCBA-7C74724611A2}"
EndProject
Project("{FAE04EC0-301F-11D3-BF4B-00C04F79EFBC}") = "03.SerializeString1", "ConsoleApp1\03.SerializeString1.csproj", "{28CA8A81-7509-4A09-8B2D-39A76FC2E9FC}"
EndProject
Project("{FAE04EC0-301F-11D3-BF4B-00C04F79EFBC}") = "04.DeserializeString", "04.DeserializeString\04.DeserializeString.csproj", "{72D7BEAF-C48D-4923-9B1B-C1449B5C8832}"
EndProject
Project("{FAE04EC0-301F-11D3-BF4B-00C04F79EFBC}") = "05.StringCommander", "05.StringCommander\05.StringCommander.csproj", "{DBAC07A2-80C1-4E84-AD81-8BCE9AD655E6}"
EndProject
Project("{FAE04EC0-301F-11D3-BF4B-00C04F79EFBC}") = "06.Stateless", "06.Stateless\06.Stateless.csproj", "{0BDE1070-5BC4-4F87-9445-7962EFA9A706}"
EndProject
Project("{FAE04EC0-301F-11D3-BF4B-00C04F79EFBC}") = "07.Pyramidic", "07.Pyramidic\07.Pyramidic.csproj", "{D601C0A0-7D89-4D25-AEA1-104A4A09CF26}"
EndProject
Project("{FAE04EC0-301F-11D3-BF4B-00C04F79EFBC}") = "08.Nilapdromes1", "ConsoleApp2\08.Nilapdromes1.csproj", "{2ABFEF00-C640-4DCB-957A-C3F1F0F1CC08}"
EndProject
Project("{FAE04EC0-301F-11D3-BF4B-00C04F79EFBC}") = "08.Nilapdromes", "08.Nilapdromes\08.Nilapdromes.csproj", "{F212B097-350E-417D-8879-E2FF7B51104E}"
EndProject
Project("{FAE04EC0-301F-11D3-BF4B-00C04F79EFBC}") = "01.ReverseString", "01.ReverseString\01.ReverseString.csproj", "{4D92553D-E9B5-4618-B90B-ED86A5B13C4A}"
EndProject
Project("{FAE04EC0-301F-11D3-BF4B-00C04F79EFBC}") = "02.CountSubstringOccurrences", "02.CountSubstringOccurrences\02.CountSubstringOccurrences.csproj", "{5D8CC404-3400-493B-92C9-E55E79811942}"
EndProject
Project("{FAE04EC0-301F-11D3-BF4B-00C04F79EFBC}") = "03.TextFilter", "03.TextFilter\03.TextFilter.csproj", "{FD551127-1D0D-4AF7-AD84-B513FA2C931D}"
EndProject
Project("{FAE04EC0-301F-11D3-BF4B-00C04F79EFBC}") = "04.Palindromes", "04.Palindromes\04.Palindromes.csproj", "{E45A320A-8281-404F-92CA-91F2BEBAA26B}"
EndProject
Project("{FAE04EC0-301F-11D3-BF4B-00C04F79EFBC}") = "05.MatchFullName", "05.MatchFullName\05.MatchFullName.csproj", "{94210FFE-B18F-4BD1-BEFA-084BBAF6239C}"
EndProject
Project("{FAE04EC0-301F-11D3-BF4B-00C04F79EFBC}") = "06.MatchPhoneNumber", "06.MatchPhoneNumber\06.MatchPhoneNumber.csproj", "{2539845E-D3E9-4F81-920E-F2CB31901BE7}"
EndProject
Project("{FAE04EC0-301F-11D3-BF4B-00C04F79EFBC}") = "07.MatchHexadecimalNumbers", "07.MatchHexadecimalNumbers\07.MatchHexadecimalNumbers.csproj", "{C8DAB6AE-B49B-41F2-BE05-CD62FA4B29BA}"
EndProject
Project("{FAE04EC0-301F-11D3-BF4B-00C04F79EFBC}") = "08.MatchDates", "08.MatchDates\08.MatchDates.csproj", "{A2026D85-1C44-4A73-B808-010A3F5751D0}"
EndProject
Project("{FAE04EC0-301F-11D3-BF4B-00C04F79EFBC}") = "09.MatchNumbers", "09.MatchNumbers\09.MatchNumbers.csproj", "{1D48067E-35B0-489A-88E6-4AF2881026D5}"
EndProject
Project("{FAE04EC0-301F-11D3-BF4B-00C04F79EFBC}") = "10.ReplaceATag", "10.ReplaceATag\10.ReplaceATag.csproj", "{A4F29E73-0070-431B-8551-44F8F38ED9AC}"
EndProject
Project("{FAE04EC0-301F-11D3-BF4B-00C04F79EFBC}") = "01.ConvertFromBase-10ToBase-N", "01.ConvertFromBase-10ToBase-N\01.ConvertFromBase-10ToBase-N.csproj", "{0AE636B4-78CB-4791-9EA5-46BE486611A0}"
EndProject
Project("{FAE04EC0-301F-11D3-BF4B-00C04F79EFBC}") = "02.ConvertFromBase-N-ToBase-10", "02.ConvertFromBase-N-ToBase-10\02.ConvertFromBase-N-ToBase-10.csproj", "{A49EBD61-00C7-4D1B-9BC9-1332C88324F7}"
EndProject
Project("{FAE04EC0-301F-11D3-BF4B-00C04F79EFBC}") = "03.UnicodeCharacters", "03.UnicodeCharacters\03.UnicodeCharacters.csproj", "{061A9FFA-FBB5-41A7-B86B-EC10EF86D46D}"
EndProject
Project("{FAE04EC0-301F-11D3-BF4B-00C04F79EFBC}") = "04.CharacterMultiplier", "04.CharacterMultiplier\04.CharacterMultiplier.csproj", "{2A8B1948-904A-4306-9203-1D9CDA0276F0}"
EndProject
Project("{FAE04EC0-301F-11D3-BF4B-00C04F79EFBC}") = "05.MagicExchangeableWords", "05.MagicExchangeableWords\05.MagicExchangeableWords.csproj", "{EB791B39-6304-4B10-A501-CD88C5C9C74A}"
EndProject
Project("{FAE04EC0-301F-11D3-BF4B-00C04F79EFBC}") = "05.MagicExchangeableWords1", "ConsoleApp3\05.MagicExchangeableWords1.csproj", "{3C6FB8BC-8DBC-4F5C-BA18-6EED1A93E1EF}"
EndProject
Project("{FAE04EC0-301F-11D3-BF4B-00C04F79EFBC}") = "06.SumBigNumbersAsStrings", "06.SumBigNumbersAsStrings\06.SumBigNumbersAsStrings.csproj", "{026F6B98-543F-4DA8-A418-E82EA8B6547D}"
EndProject
Project("{FAE04EC0-301F-11D3-BF4B-00C04F79EFBC}") = "07.MultiplyBigNumberAsString", "07.MultiplyBigNumberAsString\07.MultiplyBigNumberAsString.csproj", "{F0BF52BF-DF6A-49B3-A80C-03D2EA8F39EC}"
EndProject
Project("{FAE04EC0-301F-11D3-BF4B-00C04F79EFBC}") = "08.LettersChangeNumbers", "08.LettersChangeNumbers\08.LettersChangeNumbers.csproj", "{96F393E2-2A78-4FB5-B940-1E8662C99D43}"
EndProject
Project("{FAE04EC0-301F-11D3-BF4B-00C04F79EFBC}") = "09.MelrahShake", "09.MelrahShake\09.MelrahShake.csproj", "{C8CBCE30-6E3F-49FD-9AF0-3674BA2B0AE1}"
EndProject
Project("{FAE04EC0-301F-11D3-BF4B-00C04F79EFBC}") = "01.Censorship", "01.Censorship\01.Censorship.csproj", "{CF5888C0-CF62-4176-AF9A-A297E6CF45FC}"
EndProject
Project("{FAE04EC0-301F-11D3-BF4B-00C04F79EFBC}") = "02.EmailMe", "02.EmailMe\02.EmailMe.csproj", "{9C696180-38A8-4B4B-960A-B86B96942602}"
EndProject
Project("{FAE04EC0-301F-11D3-BF4B-00C04F79EFBC}") = "02.EmailMe1", "02.EmailMe1\02.EmailMe1.csproj", "{5C1C8932-BFCD-4303-8531-5165D8786273}"
EndProject
Project("{FAE04EC0-301F-11D3-BF4B-00C04F79EFBC}") = "03.KarateStrings", "03.KarateStrings\03.KarateStrings.csproj", "{286E8A74-7F47-4357-B2DF-520BF4FA6CBB}"
EndProject
Project("{FAE04EC0-301F-11D3-BF4B-00C04F79EFBC}") = "ConsoleApp4", "ConsoleApp4\ConsoleApp4.csproj", "{E319FD68-17E6-4D1D-9FF0-032095072F6D}"
EndProject
Project("{FAE04EC0-301F-11D3-BF4B-00C04F79EFBC}") = "04.MorseCodeUpgraded", "04.MorseCodeUpgraded\04.MorseCodeUpgraded.csproj", "{B7A3665D-B018-4788-BDB2-78E393463398}"
EndProject
Project("{FAE04EC0-301F-11D3-BF4B-00C04F79EFBC}") = "04.MorseCodeUpgraded1", "04.MorseCodeUpgraded1\04.MorseCodeUpgraded1.csproj", "{E1D56261-81AC-4AE3-82B6-AE5F31CE0A73}"
EndProject
Project("{FAE04EC0-301F-11D3-BF4B-00C04F79EFBC}") = "05.OnlyLetters", "05.OnlyLetters\05.OnlyLetters.csproj", "{3A8D231A-93DB-4ED5-AC09-8398098E3B95}"
EndProject
Project("{FAE04EC0-301F-11D3-BF4B-00C04F79EFBC}") = "05.OnlyLetters1", "05.OnlyLetters1\05.OnlyLetters1.csproj", "{514E47F3-37E6-489C-A6FF-178894F64B02}"
EndProject
Project("{FAE04EC0-301F-11D3-BF4B-00C04F79EFBC}") = "06.EmailStatistics", "06.EmailStatistics\06.EmailStatistics.csproj", "{C6F041D4-928F-4BDF-9B71-8E9A95571E70}"
EndProject
Project("{FAE04EC0-301F-11D3-BF4B-00C04F79EFBC}") = "07.Hideout", "07.Hideout\07.Hideout.csproj", "{FFE1B0A3-C5C9-4AA9-B637-021E235AC61F}"
EndProject
Project("{FAE04EC0-301F-11D3-BF4B-00C04F79EFBC}") = "08.Mines", "08.Mines\08.Mines.csproj", "{B6548129-DA69-4C3E-B078-C7EECF6EBF8F}"
EndProject
Project("{FAE04EC0-301F-11D3-BF4B-00C04F79EFBC}") = "01.Cards", "01.Cards\01.Cards.csproj", "{5C195379-13D0-485F-BC67-A5247BAFD684}"
EndProject
Project("{FAE04EC0-301F-11D3-BF4B-00C04F79EFBC}") = "02.WordEncounter", "02.WordEncounter\02.WordEncounter.csproj", "{1057D6A8-E871-48F1-8F3C-708216651837}"
EndProject
Project("{FAE04EC0-301F-11D3-BF4B-00C04F79EFBC}") = "03.BoomingCannon", "03.BoomingCannon\03.BoomingCannon.csproj", "{74FA30CF-D9DB-43A4-9DFC-49F401D2B731}"
EndProject
Project("{FAE04EC0-301F-11D3-BF4B-00C04F79EFBC}") = "03.BoomingCannon1", "03.BoomingCannon1\03.BoomingCannon1.csproj", "{B0F863BE-FE5B-4AC7-A331-D696CBB317C5}"
EndProject
Project("{FAE04EC0-301F-11D3-BF4B-00C04F79EFBC}") = "04.GroceryShop", "04.GroceryShop\04.GroceryShop.csproj", "{64688DD0-D0E6-4410-9E0C-007114A517BA}"
EndProject
Project("{FAE04EC0-301F-11D3-BF4B-00C04F79EFBC}") = "05.SoftUniMessages", "05.SoftUniMessages\05.SoftUniMessages.csproj", "{A04B0258-50A6-4B5C-84F7-CB5DDDA31C97}"
EndProject
Project("{FAE04EC0-301F-11D3-BF4B-00C04F79EFBC}") = "06.FishStatistics", "06.FishStatistics\06.FishStatistics.csproj", "{DAB44253-2638-4330-8EE5-819301245E0B}"
EndProject
Project("{FAE04EC0-301F-11D3-BF4B-00C04F79EFBC}") = "07.HappinessIndex", "07.HappinessIndex\07.HappinessIndex.csproj", "{28E362F0-0C15-472A-B887-F10C83FDF125}"
EndProject
Project("{FAE04EC0-301F-11D3-BF4B-00C04F79EFBC}") = "08.Commits", "08.Commits\08.Commits.csproj", "{670C864F-FE7C-4265-81B0-7F2B4583E22E}"
EndProject
Project("{FAE04EC0-301F-11D3-BF4B-00C04F79EFBC}") = "01.ExtractEmails", "01.ExtractEmails\01.ExtractEmails.csproj", "{33772FEF-941D-4CBB-A1A5-F2C4F9C7246C}"
EndProject
Project("{FAE04EC0-301F-11D3-BF4B-00C04F79EFBC}") = "02.ExtractSentencesByKeyword", "02.ExtractSentencesByKeyword\02.ExtractSentencesByKeyword.csproj", "{2F302C02-8BF9-428B-A54F-B2A0B6C927F1}"
EndProject
Project("{FAE04EC0-301F-11D3-BF4B-00C04F79EFBC}") = "03.CameraView", "03.CameraView\03.CameraView.csproj", "{733365E0-38FC-419D-8DC8-FF684A255F7E}"
EndProject
Project("{FAE04EC0-301F-11D3-BF4B-00C04F79EFBC}") = "04.Weather", "04.Weather\04.Weather.csproj", "{78C7C29C-A963-4B8C-9BBB-D73E5BA87D59}"
EndProject
Project("{FAE04EC0-301F-11D3-BF4B-00C04F79EFBC}") = "05.KeyReplacer", "05.KeyReplacer\05.KeyReplacer.csproj", "{EC973B4C-9A21-4CF0-9D35-16EFDF0296A3}"
EndProject
Project("{FAE04EC0-301F-11D3-BF4B-00C04F79EFBC}") = "06.ValidUsernames", "06.ValidUsernames\06.ValidUsernames.csproj", "{8F32C283-EF60-4B2E-B313-B9268D265661}"
EndProject
Project("{FAE04EC0-301F-11D3-BF4B-00C04F79EFBC}") = "07.QueryMess", "07.QueryMess\07.QueryMess.csproj", "{7FFC2FFF-4315-45CB-A9DB-067837EF91A7}"
EndProject
Project("{FAE04EC0-301F-11D3-BF4B-00C04F79EFBC}") = "08.UseYourChainsBuddy", "08.UseYourChainsBuddy\08.UseYourChainsBuddy.csproj", "{C56B4D3A-83F9-4B68-A693-EFF22255E882}"
EndProject
Global
	GlobalSection(SolutionConfigurationPlatforms) = preSolution
		Debug|Any CPU = Debug|Any CPU
		Release|Any CPU = Release|Any CPU
	EndGlobalSection
	GlobalSection(ProjectConfigurationPlatforms) = postSolution
		{580EC80F-C66E-4CD2-A2CD-C6FE09E8806A}.Debug|Any CPU.ActiveCfg = Debug|Any CPU
		{580EC80F-C66E-4CD2-A2CD-C6FE09E8806A}.Debug|Any CPU.Build.0 = Debug|Any CPU
		{580EC80F-C66E-4CD2-A2CD-C6FE09E8806A}.Release|Any CPU.ActiveCfg = Release|Any CPU
		{580EC80F-C66E-4CD2-A2CD-C6FE09E8806A}.Release|Any CPU.Build.0 = Release|Any CPU
		{33D08F8F-E61D-4E7C-ABDB-0538FCB0EC5C}.Debug|Any CPU.ActiveCfg = Debug|Any CPU
		{33D08F8F-E61D-4E7C-ABDB-0538FCB0EC5C}.Debug|Any CPU.Build.0 = Debug|Any CPU
		{33D08F8F-E61D-4E7C-ABDB-0538FCB0EC5C}.Release|Any CPU.ActiveCfg = Release|Any CPU
		{33D08F8F-E61D-4E7C-ABDB-0538FCB0EC5C}.Release|Any CPU.Build.0 = Release|Any CPU
		{24C0DDB5-ADC3-4A6E-ADA6-DC806F4487C3}.Debug|Any CPU.ActiveCfg = Debug|Any CPU
		{24C0DDB5-ADC3-4A6E-ADA6-DC806F4487C3}.Debug|Any CPU.Build.0 = Debug|Any CPU
		{24C0DDB5-ADC3-4A6E-ADA6-DC806F4487C3}.Release|Any CPU.ActiveCfg = Release|Any CPU
		{24C0DDB5-ADC3-4A6E-ADA6-DC806F4487C3}.Release|Any CPU.Build.0 = Release|Any CPU
		{CD4CE6BD-0BED-422F-BECD-2B7C7BE16616}.Debug|Any CPU.ActiveCfg = Debug|Any CPU
		{CD4CE6BD-0BED-422F-BECD-2B7C7BE16616}.Debug|Any CPU.Build.0 = Debug|Any CPU
		{CD4CE6BD-0BED-422F-BECD-2B7C7BE16616}.Release|Any CPU.ActiveCfg = Release|Any CPU
		{CD4CE6BD-0BED-422F-BECD-2B7C7BE16616}.Release|Any CPU.Build.0 = Release|Any CPU
		{14A47898-D289-4E83-9029-DCA0163B60C2}.Debug|Any CPU.ActiveCfg = Debug|Any CPU
		{14A47898-D289-4E83-9029-DCA0163B60C2}.Debug|Any CPU.Build.0 = Debug|Any CPU
		{14A47898-D289-4E83-9029-DCA0163B60C2}.Release|Any CPU.ActiveCfg = Release|Any CPU
		{14A47898-D289-4E83-9029-DCA0163B60C2}.Release|Any CPU.Build.0 = Release|Any CPU
		{5A755677-4EF4-4CC0-987D-276519393416}.Debug|Any CPU.ActiveCfg = Debug|Any CPU
		{5A755677-4EF4-4CC0-987D-276519393416}.Debug|Any CPU.Build.0 = Debug|Any CPU
		{5A755677-4EF4-4CC0-987D-276519393416}.Release|Any CPU.ActiveCfg = Release|Any CPU
		{5A755677-4EF4-4CC0-987D-276519393416}.Release|Any CPU.Build.0 = Release|Any CPU
		{1200845A-0E74-4861-B30A-951140DB34C1}.Debug|Any CPU.ActiveCfg = Debug|Any CPU
		{1200845A-0E74-4861-B30A-951140DB34C1}.Debug|Any CPU.Build.0 = Debug|Any CPU
		{1200845A-0E74-4861-B30A-951140DB34C1}.Release|Any CPU.ActiveCfg = Release|Any CPU
		{1200845A-0E74-4861-B30A-951140DB34C1}.Release|Any CPU.Build.0 = Release|Any CPU
		{51C93C13-B2D9-46FF-A5CF-FCDFC6787806}.Debug|Any CPU.ActiveCfg = Debug|Any CPU
		{51C93C13-B2D9-46FF-A5CF-FCDFC6787806}.Debug|Any CPU.Build.0 = Debug|Any CPU
		{51C93C13-B2D9-46FF-A5CF-FCDFC6787806}.Release|Any CPU.ActiveCfg = Release|Any CPU
		{51C93C13-B2D9-46FF-A5CF-FCDFC6787806}.Release|Any CPU.Build.0 = Release|Any CPU
		{60DE73AE-E749-4436-9492-44BAFABD809A}.Debug|Any CPU.ActiveCfg = Debug|Any CPU
		{60DE73AE-E749-4436-9492-44BAFABD809A}.Debug|Any CPU.Build.0 = Debug|Any CPU
		{60DE73AE-E749-4436-9492-44BAFABD809A}.Release|Any CPU.ActiveCfg = Release|Any CPU
		{60DE73AE-E749-4436-9492-44BAFABD809A}.Release|Any CPU.Build.0 = Release|Any CPU
		{82BC029C-07F3-4A33-B378-C23A1F1CB65E}.Debug|Any CPU.ActiveCfg = Debug|Any CPU
		{82BC029C-07F3-4A33-B378-C23A1F1CB65E}.Debug|Any CPU.Build.0 = Debug|Any CPU
		{82BC029C-07F3-4A33-B378-C23A1F1CB65E}.Release|Any CPU.ActiveCfg = Release|Any CPU
		{82BC029C-07F3-4A33-B378-C23A1F1CB65E}.Release|Any CPU.Build.0 = Release|Any CPU
		{9099F111-4500-4307-BCBA-7C74724611A2}.Debug|Any CPU.ActiveCfg = Debug|Any CPU
		{9099F111-4500-4307-BCBA-7C74724611A2}.Debug|Any CPU.Build.0 = Debug|Any CPU
		{9099F111-4500-4307-BCBA-7C74724611A2}.Release|Any CPU.ActiveCfg = Release|Any CPU
		{9099F111-4500-4307-BCBA-7C74724611A2}.Release|Any CPU.Build.0 = Release|Any CPU
		{28CA8A81-7509-4A09-8B2D-39A76FC2E9FC}.Debug|Any CPU.ActiveCfg = Debug|Any CPU
		{28CA8A81-7509-4A09-8B2D-39A76FC2E9FC}.Debug|Any CPU.Build.0 = Debug|Any CPU
		{28CA8A81-7509-4A09-8B2D-39A76FC2E9FC}.Release|Any CPU.ActiveCfg = Release|Any CPU
		{28CA8A81-7509-4A09-8B2D-39A76FC2E9FC}.Release|Any CPU.Build.0 = Release|Any CPU
		{72D7BEAF-C48D-4923-9B1B-C1449B5C8832}.Debug|Any CPU.ActiveCfg = Debug|Any CPU
		{72D7BEAF-C48D-4923-9B1B-C1449B5C8832}.Debug|Any CPU.Build.0 = Debug|Any CPU
		{72D7BEAF-C48D-4923-9B1B-C1449B5C8832}.Release|Any CPU.ActiveCfg = Release|Any CPU
		{72D7BEAF-C48D-4923-9B1B-C1449B5C8832}.Release|Any CPU.Build.0 = Release|Any CPU
		{DBAC07A2-80C1-4E84-AD81-8BCE9AD655E6}.Debug|Any CPU.ActiveCfg = Debug|Any CPU
		{DBAC07A2-80C1-4E84-AD81-8BCE9AD655E6}.Debug|Any CPU.Build.0 = Debug|Any CPU
		{DBAC07A2-80C1-4E84-AD81-8BCE9AD655E6}.Release|Any CPU.ActiveCfg = Release|Any CPU
		{DBAC07A2-80C1-4E84-AD81-8BCE9AD655E6}.Release|Any CPU.Build.0 = Release|Any CPU
		{0BDE1070-5BC4-4F87-9445-7962EFA9A706}.Debug|Any CPU.ActiveCfg = Debug|Any CPU
		{0BDE1070-5BC4-4F87-9445-7962EFA9A706}.Debug|Any CPU.Build.0 = Debug|Any CPU
		{0BDE1070-5BC4-4F87-9445-7962EFA9A706}.Release|Any CPU.ActiveCfg = Release|Any CPU
		{0BDE1070-5BC4-4F87-9445-7962EFA9A706}.Release|Any CPU.Build.0 = Release|Any CPU
		{D601C0A0-7D89-4D25-AEA1-104A4A09CF26}.Debug|Any CPU.ActiveCfg = Debug|Any CPU
		{D601C0A0-7D89-4D25-AEA1-104A4A09CF26}.Debug|Any CPU.Build.0 = Debug|Any CPU
		{D601C0A0-7D89-4D25-AEA1-104A4A09CF26}.Release|Any CPU.ActiveCfg = Release|Any CPU
		{D601C0A0-7D89-4D25-AEA1-104A4A09CF26}.Release|Any CPU.Build.0 = Release|Any CPU
		{2ABFEF00-C640-4DCB-957A-C3F1F0F1CC08}.Debug|Any CPU.ActiveCfg = Debug|Any CPU
		{2ABFEF00-C640-4DCB-957A-C3F1F0F1CC08}.Debug|Any CPU.Build.0 = Debug|Any CPU
		{2ABFEF00-C640-4DCB-957A-C3F1F0F1CC08}.Release|Any CPU.ActiveCfg = Release|Any CPU
		{2ABFEF00-C640-4DCB-957A-C3F1F0F1CC08}.Release|Any CPU.Build.0 = Release|Any CPU
		{F212B097-350E-417D-8879-E2FF7B51104E}.Debug|Any CPU.ActiveCfg = Debug|Any CPU
		{F212B097-350E-417D-8879-E2FF7B51104E}.Debug|Any CPU.Build.0 = Debug|Any CPU
		{F212B097-350E-417D-8879-E2FF7B51104E}.Release|Any CPU.ActiveCfg = Release|Any CPU
		{F212B097-350E-417D-8879-E2FF7B51104E}.Release|Any CPU.Build.0 = Release|Any CPU
		{4D92553D-E9B5-4618-B90B-ED86A5B13C4A}.Debug|Any CPU.ActiveCfg = Debug|Any CPU
		{4D92553D-E9B5-4618-B90B-ED86A5B13C4A}.Debug|Any CPU.Build.0 = Debug|Any CPU
		{4D92553D-E9B5-4618-B90B-ED86A5B13C4A}.Release|Any CPU.ActiveCfg = Release|Any CPU
		{4D92553D-E9B5-4618-B90B-ED86A5B13C4A}.Release|Any CPU.Build.0 = Release|Any CPU
		{5D8CC404-3400-493B-92C9-E55E79811942}.Debug|Any CPU.ActiveCfg = Debug|Any CPU
		{5D8CC404-3400-493B-92C9-E55E79811942}.Debug|Any CPU.Build.0 = Debug|Any CPU
		{5D8CC404-3400-493B-92C9-E55E79811942}.Release|Any CPU.ActiveCfg = Release|Any CPU
		{5D8CC404-3400-493B-92C9-E55E79811942}.Release|Any CPU.Build.0 = Release|Any CPU
		{FD551127-1D0D-4AF7-AD84-B513FA2C931D}.Debug|Any CPU.ActiveCfg = Debug|Any CPU
		{FD551127-1D0D-4AF7-AD84-B513FA2C931D}.Debug|Any CPU.Build.0 = Debug|Any CPU
		{FD551127-1D0D-4AF7-AD84-B513FA2C931D}.Release|Any CPU.ActiveCfg = Release|Any CPU
		{FD551127-1D0D-4AF7-AD84-B513FA2C931D}.Release|Any CPU.Build.0 = Release|Any CPU
		{E45A320A-8281-404F-92CA-91F2BEBAA26B}.Debug|Any CPU.ActiveCfg = Debug|Any CPU
		{E45A320A-8281-404F-92CA-91F2BEBAA26B}.Debug|Any CPU.Build.0 = Debug|Any CPU
		{E45A320A-8281-404F-92CA-91F2BEBAA26B}.Release|Any CPU.ActiveCfg = Release|Any CPU
		{E45A320A-8281-404F-92CA-91F2BEBAA26B}.Release|Any CPU.Build.0 = Release|Any CPU
		{94210FFE-B18F-4BD1-BEFA-084BBAF6239C}.Debug|Any CPU.ActiveCfg = Debug|Any CPU
		{94210FFE-B18F-4BD1-BEFA-084BBAF6239C}.Debug|Any CPU.Build.0 = Debug|Any CPU
		{94210FFE-B18F-4BD1-BEFA-084BBAF6239C}.Release|Any CPU.ActiveCfg = Release|Any CPU
		{94210FFE-B18F-4BD1-BEFA-084BBAF6239C}.Release|Any CPU.Build.0 = Release|Any CPU
		{2539845E-D3E9-4F81-920E-F2CB31901BE7}.Debug|Any CPU.ActiveCfg = Debug|Any CPU
		{2539845E-D3E9-4F81-920E-F2CB31901BE7}.Debug|Any CPU.Build.0 = Debug|Any CPU
		{2539845E-D3E9-4F81-920E-F2CB31901BE7}.Release|Any CPU.ActiveCfg = Release|Any CPU
		{2539845E-D3E9-4F81-920E-F2CB31901BE7}.Release|Any CPU.Build.0 = Release|Any CPU
		{C8DAB6AE-B49B-41F2-BE05-CD62FA4B29BA}.Debug|Any CPU.ActiveCfg = Debug|Any CPU
		{C8DAB6AE-B49B-41F2-BE05-CD62FA4B29BA}.Debug|Any CPU.Build.0 = Debug|Any CPU
		{C8DAB6AE-B49B-41F2-BE05-CD62FA4B29BA}.Release|Any CPU.ActiveCfg = Release|Any CPU
		{C8DAB6AE-B49B-41F2-BE05-CD62FA4B29BA}.Release|Any CPU.Build.0 = Release|Any CPU
		{A2026D85-1C44-4A73-B808-010A3F5751D0}.Debug|Any CPU.ActiveCfg = Debug|Any CPU
		{A2026D85-1C44-4A73-B808-010A3F5751D0}.Debug|Any CPU.Build.0 = Debug|Any CPU
		{A2026D85-1C44-4A73-B808-010A3F5751D0}.Release|Any CPU.ActiveCfg = Release|Any CPU
		{A2026D85-1C44-4A73-B808-010A3F5751D0}.Release|Any CPU.Build.0 = Release|Any CPU
		{1D48067E-35B0-489A-88E6-4AF2881026D5}.Debug|Any CPU.ActiveCfg = Debug|Any CPU
		{1D48067E-35B0-489A-88E6-4AF2881026D5}.Debug|Any CPU.Build.0 = Debug|Any CPU
		{1D48067E-35B0-489A-88E6-4AF2881026D5}.Release|Any CPU.ActiveCfg = Release|Any CPU
		{1D48067E-35B0-489A-88E6-4AF2881026D5}.Release|Any CPU.Build.0 = Release|Any CPU
		{A4F29E73-0070-431B-8551-44F8F38ED9AC}.Debug|Any CPU.ActiveCfg = Debug|Any CPU
		{A4F29E73-0070-431B-8551-44F8F38ED9AC}.Debug|Any CPU.Build.0 = Debug|Any CPU
		{A4F29E73-0070-431B-8551-44F8F38ED9AC}.Release|Any CPU.ActiveCfg = Release|Any CPU
		{A4F29E73-0070-431B-8551-44F8F38ED9AC}.Release|Any CPU.Build.0 = Release|Any CPU
		{0AE636B4-78CB-4791-9EA5-46BE486611A0}.Debug|Any CPU.ActiveCfg = Debug|Any CPU
		{0AE636B4-78CB-4791-9EA5-46BE486611A0}.Debug|Any CPU.Build.0 = Debug|Any CPU
		{0AE636B4-78CB-4791-9EA5-46BE486611A0}.Release|Any CPU.ActiveCfg = Release|Any CPU
		{0AE636B4-78CB-4791-9EA5-46BE486611A0}.Release|Any CPU.Build.0 = Release|Any CPU
		{A49EBD61-00C7-4D1B-9BC9-1332C88324F7}.Debug|Any CPU.ActiveCfg = Debug|Any CPU
		{A49EBD61-00C7-4D1B-9BC9-1332C88324F7}.Debug|Any CPU.Build.0 = Debug|Any CPU
		{A49EBD61-00C7-4D1B-9BC9-1332C88324F7}.Release|Any CPU.ActiveCfg = Release|Any CPU
		{A49EBD61-00C7-4D1B-9BC9-1332C88324F7}.Release|Any CPU.Build.0 = Release|Any CPU
		{061A9FFA-FBB5-41A7-B86B-EC10EF86D46D}.Debug|Any CPU.ActiveCfg = Debug|Any CPU
		{061A9FFA-FBB5-41A7-B86B-EC10EF86D46D}.Debug|Any CPU.Build.0 = Debug|Any CPU
		{061A9FFA-FBB5-41A7-B86B-EC10EF86D46D}.Release|Any CPU.ActiveCfg = Release|Any CPU
		{061A9FFA-FBB5-41A7-B86B-EC10EF86D46D}.Release|Any CPU.Build.0 = Release|Any CPU
		{2A8B1948-904A-4306-9203-1D9CDA0276F0}.Debug|Any CPU.ActiveCfg = Debug|Any CPU
		{2A8B1948-904A-4306-9203-1D9CDA0276F0}.Debug|Any CPU.Build.0 = Debug|Any CPU
		{2A8B1948-904A-4306-9203-1D9CDA0276F0}.Release|Any CPU.ActiveCfg = Release|Any CPU
		{2A8B1948-904A-4306-9203-1D9CDA0276F0}.Release|Any CPU.Build.0 = Release|Any CPU
		{EB791B39-6304-4B10-A501-CD88C5C9C74A}.Debug|Any CPU.ActiveCfg = Debug|Any CPU
		{EB791B39-6304-4B10-A501-CD88C5C9C74A}.Debug|Any CPU.Build.0 = Debug|Any CPU
		{EB791B39-6304-4B10-A501-CD88C5C9C74A}.Release|Any CPU.ActiveCfg = Release|Any CPU
		{EB791B39-6304-4B10-A501-CD88C5C9C74A}.Release|Any CPU.Build.0 = Release|Any CPU
		{3C6FB8BC-8DBC-4F5C-BA18-6EED1A93E1EF}.Debug|Any CPU.ActiveCfg = Debug|Any CPU
		{3C6FB8BC-8DBC-4F5C-BA18-6EED1A93E1EF}.Debug|Any CPU.Build.0 = Debug|Any CPU
		{3C6FB8BC-8DBC-4F5C-BA18-6EED1A93E1EF}.Release|Any CPU.ActiveCfg = Release|Any CPU
		{3C6FB8BC-8DBC-4F5C-BA18-6EED1A93E1EF}.Release|Any CPU.Build.0 = Release|Any CPU
		{026F6B98-543F-4DA8-A418-E82EA8B6547D}.Debug|Any CPU.ActiveCfg = Debug|Any CPU
		{026F6B98-543F-4DA8-A418-E82EA8B6547D}.Debug|Any CPU.Build.0 = Debug|Any CPU
		{026F6B98-543F-4DA8-A418-E82EA8B6547D}.Release|Any CPU.ActiveCfg = Release|Any CPU
		{026F6B98-543F-4DA8-A418-E82EA8B6547D}.Release|Any CPU.Build.0 = Release|Any CPU
		{F0BF52BF-DF6A-49B3-A80C-03D2EA8F39EC}.Debug|Any CPU.ActiveCfg = Debug|Any CPU
		{F0BF52BF-DF6A-49B3-A80C-03D2EA8F39EC}.Debug|Any CPU.Build.0 = Debug|Any CPU
		{F0BF52BF-DF6A-49B3-A80C-03D2EA8F39EC}.Release|Any CPU.ActiveCfg = Release|Any CPU
		{F0BF52BF-DF6A-49B3-A80C-03D2EA8F39EC}.Release|Any CPU.Build.0 = Release|Any CPU
		{96F393E2-2A78-4FB5-B940-1E8662C99D43}.Debug|Any CPU.ActiveCfg = Debug|Any CPU
		{96F393E2-2A78-4FB5-B940-1E8662C99D43}.Debug|Any CPU.Build.0 = Debug|Any CPU
		{96F393E2-2A78-4FB5-B940-1E8662C99D43}.Release|Any CPU.ActiveCfg = Release|Any CPU
		{96F393E2-2A78-4FB5-B940-1E8662C99D43}.Release|Any CPU.Build.0 = Release|Any CPU
		{C8CBCE30-6E3F-49FD-9AF0-3674BA2B0AE1}.Debug|Any CPU.ActiveCfg = Debug|Any CPU
		{C8CBCE30-6E3F-49FD-9AF0-3674BA2B0AE1}.Debug|Any CPU.Build.0 = Debug|Any CPU
		{C8CBCE30-6E3F-49FD-9AF0-3674BA2B0AE1}.Release|Any CPU.ActiveCfg = Release|Any CPU
		{C8CBCE30-6E3F-49FD-9AF0-3674BA2B0AE1}.Release|Any CPU.Build.0 = Release|Any CPU
		{CF5888C0-CF62-4176-AF9A-A297E6CF45FC}.Debug|Any CPU.ActiveCfg = Debug|Any CPU
		{CF5888C0-CF62-4176-AF9A-A297E6CF45FC}.Debug|Any CPU.Build.0 = Debug|Any CPU
		{CF5888C0-CF62-4176-AF9A-A297E6CF45FC}.Release|Any CPU.ActiveCfg = Release|Any CPU
		{CF5888C0-CF62-4176-AF9A-A297E6CF45FC}.Release|Any CPU.Build.0 = Release|Any CPU
		{9C696180-38A8-4B4B-960A-B86B96942602}.Debug|Any CPU.ActiveCfg = Debug|Any CPU
		{9C696180-38A8-4B4B-960A-B86B96942602}.Debug|Any CPU.Build.0 = Debug|Any CPU
		{9C696180-38A8-4B4B-960A-B86B96942602}.Release|Any CPU.ActiveCfg = Release|Any CPU
		{9C696180-38A8-4B4B-960A-B86B96942602}.Release|Any CPU.Build.0 = Release|Any CPU
		{5C1C8932-BFCD-4303-8531-5165D8786273}.Debug|Any CPU.ActiveCfg = Debug|Any CPU
		{5C1C8932-BFCD-4303-8531-5165D8786273}.Debug|Any CPU.Build.0 = Debug|Any CPU
		{5C1C8932-BFCD-4303-8531-5165D8786273}.Release|Any CPU.ActiveCfg = Release|Any CPU
		{5C1C8932-BFCD-4303-8531-5165D8786273}.Release|Any CPU.Build.0 = Release|Any CPU
		{286E8A74-7F47-4357-B2DF-520BF4FA6CBB}.Debug|Any CPU.ActiveCfg = Debug|Any CPU
		{286E8A74-7F47-4357-B2DF-520BF4FA6CBB}.Debug|Any CPU.Build.0 = Debug|Any CPU
		{286E8A74-7F47-4357-B2DF-520BF4FA6CBB}.Release|Any CPU.ActiveCfg = Release|Any CPU
		{286E8A74-7F47-4357-B2DF-520BF4FA6CBB}.Release|Any CPU.Build.0 = Release|Any CPU
		{E319FD68-17E6-4D1D-9FF0-032095072F6D}.Debug|Any CPU.ActiveCfg = Debug|Any CPU
		{E319FD68-17E6-4D1D-9FF0-032095072F6D}.Debug|Any CPU.Build.0 = Debug|Any CPU
		{E319FD68-17E6-4D1D-9FF0-032095072F6D}.Release|Any CPU.ActiveCfg = Release|Any CPU
		{E319FD68-17E6-4D1D-9FF0-032095072F6D}.Release|Any CPU.Build.0 = Release|Any CPU
		{B7A3665D-B018-4788-BDB2-78E393463398}.Debug|Any CPU.ActiveCfg = Debug|Any CPU
		{B7A3665D-B018-4788-BDB2-78E393463398}.Debug|Any CPU.Build.0 = Debug|Any CPU
		{B7A3665D-B018-4788-BDB2-78E393463398}.Release|Any CPU.ActiveCfg = Release|Any CPU
		{B7A3665D-B018-4788-BDB2-78E393463398}.Release|Any CPU.Build.0 = Release|Any CPU
		{E1D56261-81AC-4AE3-82B6-AE5F31CE0A73}.Debug|Any CPU.ActiveCfg = Debug|Any CPU
		{E1D56261-81AC-4AE3-82B6-AE5F31CE0A73}.Debug|Any CPU.Build.0 = Debug|Any CPU
		{E1D56261-81AC-4AE3-82B6-AE5F31CE0A73}.Release|Any CPU.ActiveCfg = Release|Any CPU
		{E1D56261-81AC-4AE3-82B6-AE5F31CE0A73}.Release|Any CPU.Build.0 = Release|Any CPU
		{3A8D231A-93DB-4ED5-AC09-8398098E3B95}.Debug|Any CPU.ActiveCfg = Debug|Any CPU
		{3A8D231A-93DB-4ED5-AC09-8398098E3B95}.Debug|Any CPU.Build.0 = Debug|Any CPU
		{3A8D231A-93DB-4ED5-AC09-8398098E3B95}.Release|Any CPU.ActiveCfg = Release|Any CPU
		{3A8D231A-93DB-4ED5-AC09-8398098E3B95}.Release|Any CPU.Build.0 = Release|Any CPU
		{514E47F3-37E6-489C-A6FF-178894F64B02}.Debug|Any CPU.ActiveCfg = Debug|Any CPU
		{514E47F3-37E6-489C-A6FF-178894F64B02}.Debug|Any CPU.Build.0 = Debug|Any CPU
		{514E47F3-37E6-489C-A6FF-178894F64B02}.Release|Any CPU.ActiveCfg = Release|Any CPU
		{514E47F3-37E6-489C-A6FF-178894F64B02}.Release|Any CPU.Build.0 = Release|Any CPU
		{C6F041D4-928F-4BDF-9B71-8E9A95571E70}.Debug|Any CPU.ActiveCfg = Debug|Any CPU
		{C6F041D4-928F-4BDF-9B71-8E9A95571E70}.Debug|Any CPU.Build.0 = Debug|Any CPU
		{C6F041D4-928F-4BDF-9B71-8E9A95571E70}.Release|Any CPU.ActiveCfg = Release|Any CPU
		{C6F041D4-928F-4BDF-9B71-8E9A95571E70}.Release|Any CPU.Build.0 = Release|Any CPU
		{FFE1B0A3-C5C9-4AA9-B637-021E235AC61F}.Debug|Any CPU.ActiveCfg = Debug|Any CPU
		{FFE1B0A3-C5C9-4AA9-B637-021E235AC61F}.Debug|Any CPU.Build.0 = Debug|Any CPU
		{FFE1B0A3-C5C9-4AA9-B637-021E235AC61F}.Release|Any CPU.ActiveCfg = Release|Any CPU
		{FFE1B0A3-C5C9-4AA9-B637-021E235AC61F}.Release|Any CPU.Build.0 = Release|Any CPU
		{B6548129-DA69-4C3E-B078-C7EECF6EBF8F}.Debug|Any CPU.ActiveCfg = Debug|Any CPU
		{B6548129-DA69-4C3E-B078-C7EECF6EBF8F}.Debug|Any CPU.Build.0 = Debug|Any CPU
		{B6548129-DA69-4C3E-B078-C7EECF6EBF8F}.Release|Any CPU.ActiveCfg = Release|Any CPU
		{B6548129-DA69-4C3E-B078-C7EECF6EBF8F}.Release|Any CPU.Build.0 = Release|Any CPU
		{5C195379-13D0-485F-BC67-A5247BAFD684}.Debug|Any CPU.ActiveCfg = Debug|Any CPU
		{5C195379-13D0-485F-BC67-A5247BAFD684}.Debug|Any CPU.Build.0 = Debug|Any CPU
		{5C195379-13D0-485F-BC67-A5247BAFD684}.Release|Any CPU.ActiveCfg = Release|Any CPU
		{5C195379-13D0-485F-BC67-A5247BAFD684}.Release|Any CPU.Build.0 = Release|Any CPU
		{1057D6A8-E871-48F1-8F3C-708216651837}.Debug|Any CPU.ActiveCfg = Debug|Any CPU
		{1057D6A8-E871-48F1-8F3C-708216651837}.Debug|Any CPU.Build.0 = Debug|Any CPU
		{1057D6A8-E871-48F1-8F3C-708216651837}.Release|Any CPU.ActiveCfg = Release|Any CPU
		{1057D6A8-E871-48F1-8F3C-708216651837}.Release|Any CPU.Build.0 = Release|Any CPU
		{74FA30CF-D9DB-43A4-9DFC-49F401D2B731}.Debug|Any CPU.ActiveCfg = Debug|Any CPU
		{74FA30CF-D9DB-43A4-9DFC-49F401D2B731}.Debug|Any CPU.Build.0 = Debug|Any CPU
		{74FA30CF-D9DB-43A4-9DFC-49F401D2B731}.Release|Any CPU.ActiveCfg = Release|Any CPU
		{74FA30CF-D9DB-43A4-9DFC-49F401D2B731}.Release|Any CPU.Build.0 = Release|Any CPU
		{B0F863BE-FE5B-4AC7-A331-D696CBB317C5}.Debug|Any CPU.ActiveCfg = Debug|Any CPU
		{B0F863BE-FE5B-4AC7-A331-D696CBB317C5}.Debug|Any CPU.Build.0 = Debug|Any CPU
		{B0F863BE-FE5B-4AC7-A331-D696CBB317C5}.Release|Any CPU.ActiveCfg = Release|Any CPU
		{B0F863BE-FE5B-4AC7-A331-D696CBB317C5}.Release|Any CPU.Build.0 = Release|Any CPU
		{64688DD0-D0E6-4410-9E0C-007114A517BA}.Debug|Any CPU.ActiveCfg = Debug|Any CPU
		{64688DD0-D0E6-4410-9E0C-007114A517BA}.Debug|Any CPU.Build.0 = Debug|Any CPU
		{64688DD0-D0E6-4410-9E0C-007114A517BA}.Release|Any CPU.ActiveCfg = Release|Any CPU
		{64688DD0-D0E6-4410-9E0C-007114A517BA}.Release|Any CPU.Build.0 = Release|Any CPU
		{A04B0258-50A6-4B5C-84F7-CB5DDDA31C97}.Debug|Any CPU.ActiveCfg = Debug|Any CPU
		{A04B0258-50A6-4B5C-84F7-CB5DDDA31C97}.Debug|Any CPU.Build.0 = Debug|Any CPU
		{A04B0258-50A6-4B5C-84F7-CB5DDDA31C97}.Release|Any CPU.ActiveCfg = Release|Any CPU
		{A04B0258-50A6-4B5C-84F7-CB5DDDA31C97}.Release|Any CPU.Build.0 = Release|Any CPU
		{DAB44253-2638-4330-8EE5-819301245E0B}.Debug|Any CPU.ActiveCfg = Debug|Any CPU
		{DAB44253-2638-4330-8EE5-819301245E0B}.Debug|Any CPU.Build.0 = Debug|Any CPU
		{DAB44253-2638-4330-8EE5-819301245E0B}.Release|Any CPU.ActiveCfg = Release|Any CPU
		{DAB44253-2638-4330-8EE5-819301245E0B}.Release|Any CPU.Build.0 = Release|Any CPU
		{28E362F0-0C15-472A-B887-F10C83FDF125}.Debug|Any CPU.ActiveCfg = Debug|Any CPU
		{28E362F0-0C15-472A-B887-F10C83FDF125}.Debug|Any CPU.Build.0 = Debug|Any CPU
		{28E362F0-0C15-472A-B887-F10C83FDF125}.Release|Any CPU.ActiveCfg = Release|Any CPU
		{28E362F0-0C15-472A-B887-F10C83FDF125}.Release|Any CPU.Build.0 = Release|Any CPU
		{670C864F-FE7C-4265-81B0-7F2B4583E22E}.Debug|Any CPU.ActiveCfg = Debug|Any CPU
		{670C864F-FE7C-4265-81B0-7F2B4583E22E}.Debug|Any CPU.Build.0 = Debug|Any CPU
		{670C864F-FE7C-4265-81B0-7F2B4583E22E}.Release|Any CPU.ActiveCfg = Release|Any CPU
		{670C864F-FE7C-4265-81B0-7F2B4583E22E}.Release|Any CPU.Build.0 = Release|Any CPU
		{33772FEF-941D-4CBB-A1A5-F2C4F9C7246C}.Debug|Any CPU.ActiveCfg = Debug|Any CPU
		{33772FEF-941D-4CBB-A1A5-F2C4F9C7246C}.Debug|Any CPU.Build.0 = Debug|Any CPU
		{33772FEF-941D-4CBB-A1A5-F2C4F9C7246C}.Release|Any CPU.ActiveCfg = Release|Any CPU
		{33772FEF-941D-4CBB-A1A5-F2C4F9C7246C}.Release|Any CPU.Build.0 = Release|Any CPU
		{2F302C02-8BF9-428B-A54F-B2A0B6C927F1}.Debug|Any CPU.ActiveCfg = Debug|Any CPU
		{2F302C02-8BF9-428B-A54F-B2A0B6C927F1}.Debug|Any CPU.Build.0 = Debug|Any CPU
		{2F302C02-8BF9-428B-A54F-B2A0B6C927F1}.Release|Any CPU.ActiveCfg = Release|Any CPU
		{2F302C02-8BF9-428B-A54F-B2A0B6C927F1}.Release|Any CPU.Build.0 = Release|Any CPU
		{733365E0-38FC-419D-8DC8-FF684A255F7E}.Debug|Any CPU.ActiveCfg = Debug|Any CPU
		{733365E0-38FC-419D-8DC8-FF684A255F7E}.Debug|Any CPU.Build.0 = Debug|Any CPU
		{733365E0-38FC-419D-8DC8-FF684A255F7E}.Release|Any CPU.ActiveCfg = Release|Any CPU
		{733365E0-38FC-419D-8DC8-FF684A255F7E}.Release|Any CPU.Build.0 = Release|Any CPU
		{78C7C29C-A963-4B8C-9BBB-D73E5BA87D59}.Debug|Any CPU.ActiveCfg = Debug|Any CPU
		{78C7C29C-A963-4B8C-9BBB-D73E5BA87D59}.Debug|Any CPU.Build.0 = Debug|Any CPU
		{78C7C29C-A963-4B8C-9BBB-D73E5BA87D59}.Release|Any CPU.ActiveCfg = Release|Any CPU
		{78C7C29C-A963-4B8C-9BBB-D73E5BA87D59}.Release|Any CPU.Build.0 = Release|Any CPU
		{EC973B4C-9A21-4CF0-9D35-16EFDF0296A3}.Debug|Any CPU.ActiveCfg = Debug|Any CPU
		{EC973B4C-9A21-4CF0-9D35-16EFDF0296A3}.Debug|Any CPU.Build.0 = Debug|Any CPU
		{EC973B4C-9A21-4CF0-9D35-16EFDF0296A3}.Release|Any CPU.ActiveCfg = Release|Any CPU
		{EC973B4C-9A21-4CF0-9D35-16EFDF0296A3}.Release|Any CPU.Build.0 = Release|Any CPU
		{8F32C283-EF60-4B2E-B313-B9268D265661}.Debug|Any CPU.ActiveCfg = Debug|Any CPU
		{8F32C283-EF60-4B2E-B313-B9268D265661}.Debug|Any CPU.Build.0 = Debug|Any CPU
		{8F32C283-EF60-4B2E-B313-B9268D265661}.Release|Any CPU.ActiveCfg = Release|Any CPU
		{8F32C283-EF60-4B2E-B313-B9268D265661}.Release|Any CPU.Build.0 = Release|Any CPU
		{7FFC2FFF-4315-45CB-A9DB-067837EF91A7}.Debug|Any CPU.ActiveCfg = Debug|Any CPU
		{7FFC2FFF-4315-45CB-A9DB-067837EF91A7}.Debug|Any CPU.Build.0 = Debug|Any CPU
		{7FFC2FFF-4315-45CB-A9DB-067837EF91A7}.Release|Any CPU.ActiveCfg = Release|Any CPU
		{7FFC2FFF-4315-45CB-A9DB-067837EF91A7}.Release|Any CPU.Build.0 = Release|Any CPU
		{C56B4D3A-83F9-4B68-A693-EFF22255E882}.Debug|Any CPU.ActiveCfg = Debug|Any CPU
		{C56B4D3A-83F9-4B68-A693-EFF22255E882}.Debug|Any CPU.Build.0 = Debug|Any CPU
		{C56B4D3A-83F9-4B68-A693-EFF22255E882}.Release|Any CPU.ActiveCfg = Release|Any CPU
		{C56B4D3A-83F9-4B68-A693-EFF22255E882}.Release|Any CPU.Build.0 = Release|Any CPU
	EndGlobalSection
	GlobalSection(SolutionProperties) = preSolution
		HideSolutionNode = FALSE
	EndGlobalSection
	GlobalSection(ExtensibilityGlobals) = postSolution
		SolutionGuid = {633EA3EF-D330-4E7D-AC4D-FC65ED256DF3}
	EndGlobalSection
EndGlobal
